{
  "name": "prettier",
  "version": "2.1.2",
  "lockfileVersion": 1,
  "requires": true,
  "dependencies": {
    "gource": {
      "version": "0.0.0",
      "resolved": "https://registry.npmjs.org/gource/-/gource-0.0.0.tgz",
      "integrity": "sha512-GuTTp0wS8xOa1arnlVFVboEvlczYB4JxybxfoozBnmtJ5lS6d6DbYcqaIYOPSDmOM5aiMGc9kJomEYmwtXFiPQ=="
    }
  }
}
